
Microsoft Visual Studio Solution File, Format Version 12.00
# Visual Studio Version 17
VisualStudioVersion = 17.14.36401.2 d17.14
MinimumVisualStudioVersion = 10.0.40219.1
Project("{FAE04EC0-301F-11D3-BF4B-00C04F79EFBC}") = "SchemaDiagramViewer", "SchemaDiagramViewer.csproj", "{F0D363EB-523E-0E35-D827-6B491B98EE72}"
EndProject
Global
	GlobalSection(SolutionConfigurationPlatforms) = preSolution
		Debug|Any CPU = Debug|Any CPU
		Release|Any CPU = Release|Any CPU
	EndGlobalSection
	GlobalSection(ProjectConfigurationPlatforms) = postSolution
		{F0D363EB-523E-0E35-D827-6B491B98EE72}.Debug|Any CPU.ActiveCfg = Debug|Any CPU
		{F0D363EB-523E-0E35-D827-6B491B98EE72}.Debug|Any CPU.Build.0 = Debug|Any CPU
		{F0D363EB-523E-0E35-D827-6B491B98EE72}.Release|Any CPU.ActiveCfg = Release|Any CPU
		{F0D363EB-523E-0E35-D827-6B491B98EE72}.Release|Any CPU.Build.0 = Release|Any CPU
	EndGlobalSection
	GlobalSection(SolutionProperties) = preSolution
		HideSolutionNode = FALSE
	EndGlobalSection
	GlobalSection(ExtensibilityGlobals) = postSolution
		SolutionGuid = {C78A3217-B268-4074-AB90-4FD2E34B9E9F}
	EndGlobalSection
EndGlobal
